
Microsoft Visual Studio Solution File, Format Version 12.00
Project("{FAE04EC0-301F-11D3-BF4B-00C04F79EFBC}") = "ShopScraper.Application", "ShopScraper.Application\ShopScraper.Application.csproj", "{28317AF8-FA14-45EB-AD2A-86E4AC9740BF}"
EndProject
Project("{FAE04EC0-301F-11D3-BF4B-00C04F79EFBC}") = "ShopScraper.Web", "ShopScraper.Web\ShopScraper.Web.csproj", "{3A561EFF-CACD-4ADA-9589-9B315FAE1DB9}"
EndProject
Project("{FAE04EC0-301F-11D3-BF4B-00C04F79EFBC}") = "ShopScraper.Web.Client", "ShopScraper.Web.Client\ShopScraper.Web.Client.csproj", "{C99A8BC6-9E0B-4CC1-898C-092A8D35B3D0}"
EndProject
Global
	GlobalSection(SolutionConfigurationPlatforms) = preSolution
		Debug|Any CPU = Debug|Any CPU
		Release|Any CPU = Release|Any CPU
	EndGlobalSection
	GlobalSection(ProjectConfigurationPlatforms) = postSolution
		{28317AF8-FA14-45EB-AD2A-86E4AC9740BF}.Debug|Any CPU.ActiveCfg = Debug|Any CPU
		{28317AF8-FA14-45EB-AD2A-86E4AC9740BF}.Debug|Any CPU.Build.0 = Debug|Any CPU
		{28317AF8-FA14-45EB-AD2A-86E4AC9740BF}.Release|Any CPU.ActiveCfg = Release|Any CPU
		{28317AF8-FA14-45EB-AD2A-86E4AC9740BF}.Release|Any CPU.Build.0 = Release|Any CPU
		{3A561EFF-CACD-4ADA-9589-9B315FAE1DB9}.Debug|Any CPU.ActiveCfg = Debug|Any CPU
		{3A561EFF-CACD-4ADA-9589-9B315FAE1DB9}.Debug|Any CPU.Build.0 = Debug|Any CPU
		{3A561EFF-CACD-4ADA-9589-9B315FAE1DB9}.Release|Any CPU.ActiveCfg = Release|Any CPU
		{3A561EFF-CACD-4ADA-9589-9B315FAE1DB9}.Release|Any CPU.Build.0 = Release|Any CPU
		{C99A8BC6-9E0B-4CC1-898C-092A8D35B3D0}.Debug|Any CPU.ActiveCfg = Debug|Any CPU
		{C99A8BC6-9E0B-4CC1-898C-092A8D35B3D0}.Debug|Any CPU.Build.0 = Debug|Any CPU
		{C99A8BC6-9E0B-4CC1-898C-092A8D35B3D0}.Release|Any CPU.ActiveCfg = Release|Any CPU
		{C99A8BC6-9E0B-4CC1-898C-092A8D35B3D0}.Release|Any CPU.Build.0 = Release|Any CPU
	EndGlobalSection
	GlobalSection(NestedProjects) = preSolution
	EndGlobalSection
EndGlobal
